
Microsoft Visual Studio Solution File, Format Version 12.00
# Visual Studio Version 17
VisualStudioVersion = 17.8.34601.278
MinimumVisualStudioVersion = 10.0.40219.1
Project("{FAE04EC0-301F-11D3-BF4B-00C04F79EFBC}") = "Intrface", "Intrface\Intrface.csproj", "{C41A9D0F-583A-431C-AD93-E777629EEA22}"
EndProject
Global
	GlobalSection(SolutionConfigurationPlatforms) = preSolution
		Debug|Any CPU = Debug|Any CPU
		Release|Any CPU = Release|Any CPU
	EndGlobalSection
	GlobalSection(ProjectConfigurationPlatforms) = postSolution
		{C41A9D0F-583A-431C-AD93-E777629EEA22}.Debug|Any CPU.ActiveCfg = Debug|Any CPU
		{C41A9D0F-583A-431C-AD93-E777629EEA22}.Debug|Any CPU.Build.0 = Debug|Any CPU
		{C41A9D0F-583A-431C-AD93-E777629EEA22}.Release|Any CPU.ActiveCfg = Release|Any CPU
		{C41A9D0F-583A-431C-AD93-E777629EEA22}.Release|Any CPU.Build.0 = Release|Any CPU
	EndGlobalSection
	GlobalSection(SolutionProperties) = preSolution
		HideSolutionNode = FALSE
	EndGlobalSection
	GlobalSection(ExtensibilityGlobals) = postSolution
		SolutionGuid = {FF31D1A1-1FCA-4733-827C-FDACEB1A06A8}
	EndGlobalSection
EndGlobal
